
Microsoft Visual Studio Solution File, Format Version 10.00
# Visual Studio 2008
Project("{FAE04EC0-301F-11D3-BF4B-00C04F79EFBC}") = "ApplicationSessionServiceLibrary", "ApplicationSessionServiceLibrary\ApplicationSessionServiceLibrary.csproj", "{DE4B4DDB-E015-4AA8-99FC-EAFF126A6F31}"
EndProject
Project("{FAE04EC0-301F-11D3-BF4B-00C04F79EFBC}") = "ServiceReferences", "ServiceReferences\ServiceReferences.csproj", "{A2BEB3B3-9D1B-4462-A6D0-AE9DD64ECEA5}"
	ProjectSection(ProjectDependencies) = postProject
		{DE4B4DDB-E015-4AA8-99FC-EAFF126A6F31} = {DE4B4DDB-E015-4AA8-99FC-EAFF126A6F31}
	EndProjectSection
EndProject
Project("{FAE04EC0-301F-11D3-BF4B-00C04F79EFBC}") = "MdiClientApplication", "MdiClientApplication\MdiClientApplication.csproj", "{93D29D7F-C5BE-4FD4-AC18-3BC2DC129D1D}"
EndProject
Project("{FAE04EC0-301F-11D3-BF4B-00C04F79EFBC}") = "AdminTool", "AdminTool\AdminTool.csproj", "{3907EC84-F3E7-48EB-9F61-468FFCFE4954}"
EndProject
Global
	GlobalSection(SolutionConfigurationPlatforms) = preSolution
		Debug|Any CPU = Debug|Any CPU
		Release|Any CPU = Release|Any CPU
	EndGlobalSection
	GlobalSection(ProjectConfigurationPlatforms) = postSolution
		{DE4B4DDB-E015-4AA8-99FC-EAFF126A6F31}.Debug|Any CPU.ActiveCfg = Debug|Any CPU
		{DE4B4DDB-E015-4AA8-99FC-EAFF126A6F31}.Debug|Any CPU.Build.0 = Debug|Any CPU
		{DE4B4DDB-E015-4AA8-99FC-EAFF126A6F31}.Release|Any CPU.ActiveCfg = Release|Any CPU
		{DE4B4DDB-E015-4AA8-99FC-EAFF126A6F31}.Release|Any CPU.Build.0 = Release|Any CPU
		{A2BEB3B3-9D1B-4462-A6D0-AE9DD64ECEA5}.Debug|Any CPU.ActiveCfg = Debug|Any CPU
		{A2BEB3B3-9D1B-4462-A6D0-AE9DD64ECEA5}.Debug|Any CPU.Build.0 = Debug|Any CPU
		{A2BEB3B3-9D1B-4462-A6D0-AE9DD64ECEA5}.Release|Any CPU.ActiveCfg = Release|Any CPU
		{A2BEB3B3-9D1B-4462-A6D0-AE9DD64ECEA5}.Release|Any CPU.Build.0 = Release|Any CPU
		{93D29D7F-C5BE-4FD4-AC18-3BC2DC129D1D}.Debug|Any CPU.ActiveCfg = Debug|Any CPU
		{93D29D7F-C5BE-4FD4-AC18-3BC2DC129D1D}.Debug|Any CPU.Build.0 = Debug|Any CPU
		{93D29D7F-C5BE-4FD4-AC18-3BC2DC129D1D}.Release|Any CPU.ActiveCfg = Release|Any CPU
		{93D29D7F-C5BE-4FD4-AC18-3BC2DC129D1D}.Release|Any CPU.Build.0 = Release|Any CPU
		{3907EC84-F3E7-48EB-9F61-468FFCFE4954}.Debug|Any CPU.ActiveCfg = Debug|Any CPU
		{3907EC84-F3E7-48EB-9F61-468FFCFE4954}.Debug|Any CPU.Build.0 = Debug|Any CPU
		{3907EC84-F3E7-48EB-9F61-468FFCFE4954}.Release|Any CPU.ActiveCfg = Release|Any CPU
		{3907EC84-F3E7-48EB-9F61-468FFCFE4954}.Release|Any CPU.Build.0 = Release|Any CPU
	EndGlobalSection
	GlobalSection(SolutionProperties) = preSolution
		HideSolutionNode = FALSE
	EndGlobalSection
EndGlobal
